
Microsoft Visual Studio Solution File, Format Version 12.00
# Visual Studio 2013
VisualStudioVersion = 12.0.30203.2
MinimumVisualStudioVersion = 10.0.40219.1
Project("{FAE04EC0-301F-11D3-BF4B-00C04F79EFBC}") = "Problem1", "ProjectEuler\Problem1.csproj", "{0D4A19DE-FA7D-49FA-A52C-FEB040395F47}"
EndProject
Project("{FAE04EC0-301F-11D3-BF4B-00C04F79EFBC}") = "Problem2", "Problem2\Problem2.csproj", "{EFFC8159-C8DA-4428-8AE3-FAA4184380AD}"
EndProject
Global
	GlobalSection(SolutionConfigurationPlatforms) = preSolution
		Debug|Any CPU = Debug|Any CPU
		Release|Any CPU = Release|Any CPU
	EndGlobalSection
	GlobalSection(ProjectConfigurationPlatforms) = postSolution
		{0D4A19DE-FA7D-49FA-A52C-FEB040395F47}.Debug|Any CPU.ActiveCfg = Debug|Any CPU
		{0D4A19DE-FA7D-49FA-A52C-FEB040395F47}.Debug|Any CPU.Build.0 = Debug|Any CPU
		{0D4A19DE-FA7D-49FA-A52C-FEB040395F47}.Release|Any CPU.ActiveCfg = Release|Any CPU
		{0D4A19DE-FA7D-49FA-A52C-FEB040395F47}.Release|Any CPU.Build.0 = Release|Any CPU
		{EFFC8159-C8DA-4428-8AE3-FAA4184380AD}.Debug|Any CPU.ActiveCfg = Debug|Any CPU
		{EFFC8159-C8DA-4428-8AE3-FAA4184380AD}.Debug|Any CPU.Build.0 = Debug|Any CPU
		{EFFC8159-C8DA-4428-8AE3-FAA4184380AD}.Release|Any CPU.ActiveCfg = Release|Any CPU
		{EFFC8159-C8DA-4428-8AE3-FAA4184380AD}.Release|Any CPU.Build.0 = Release|Any CPU
	EndGlobalSection
	GlobalSection(SolutionProperties) = preSolution
		HideSolutionNode = FALSE
	EndGlobalSection
EndGlobal
